
Microsoft Visual Studio Solution File, Format Version 12.00
# Visual Studio 15
VisualStudioVersion = 15.0.28307.271
MinimumVisualStudioVersion = 10.0.40219.1
Project("{FAE04EC0-301F-11D3-BF4B-00C04F79EFBC}") = "NHibernate.ByteCode.Castle", "NHibernate.ByteCode.Castle\NHibernate.ByteCode.Castle.csproj", "{31C3F0EA-0FED-4A2F-B68D-96CE29844487}"
EndProject
Project("{FAE04EC0-301F-11D3-BF4B-00C04F79EFBC}") = "NHibernate.ByteCode.LinFu", "NHibernate.ByteCode.LinFu\NHibernate.ByteCode.LinFu.csproj", "{8289D6AD-9714-42D3-A94D-D4D9814D1281}"
EndProject
Project("{FAE04EC0-301F-11D3-BF4B-00C04F79EFBC}") = "NHibernate.ByteCode.Spring", "NHibernate.ByteCode.Spring\NHibernate.ByteCode.Spring.csproj", "{946BCA10-109A-4472-8521-76616174AD4D}"
EndProject
Global
	GlobalSection(SolutionConfigurationPlatforms) = preSolution
		Debug|Any CPU = Debug|Any CPU
		Release|Any CPU = Release|Any CPU
	EndGlobalSection
	GlobalSection(ProjectConfigurationPlatforms) = postSolution
		{31C3F0EA-0FED-4A2F-B68D-96CE29844487}.Debug|Any CPU.ActiveCfg = Debug|Any CPU
		{31C3F0EA-0FED-4A2F-B68D-96CE29844487}.Debug|Any CPU.Build.0 = Debug|Any CPU
		{31C3F0EA-0FED-4A2F-B68D-96CE29844487}.Release|Any CPU.ActiveCfg = Release|Any CPU
		{31C3F0EA-0FED-4A2F-B68D-96CE29844487}.Release|Any CPU.Build.0 = Release|Any CPU
		{8289D6AD-9714-42D3-A94D-D4D9814D1281}.Debug|Any CPU.ActiveCfg = Debug|Any CPU
		{8289D6AD-9714-42D3-A94D-D4D9814D1281}.Debug|Any CPU.Build.0 = Debug|Any CPU
		{8289D6AD-9714-42D3-A94D-D4D9814D1281}.Release|Any CPU.ActiveCfg = Release|Any CPU
		{8289D6AD-9714-42D3-A94D-D4D9814D1281}.Release|Any CPU.Build.0 = Release|Any CPU
		{946BCA10-109A-4472-8521-76616174AD4D}.Debug|Any CPU.ActiveCfg = Debug|Any CPU
		{946BCA10-109A-4472-8521-76616174AD4D}.Debug|Any CPU.Build.0 = Debug|Any CPU
		{946BCA10-109A-4472-8521-76616174AD4D}.Release|Any CPU.ActiveCfg = Release|Any CPU
		{946BCA10-109A-4472-8521-76616174AD4D}.Release|Any CPU.Build.0 = Release|Any CPU
	EndGlobalSection
	GlobalSection(SolutionProperties) = preSolution
		HideSolutionNode = FALSE
	EndGlobalSection
	GlobalSection(ExtensibilityGlobals) = postSolution
		SolutionGuid = {DC13EA24-7C27-4920-BDFC-EEBE5C9CCA27}
	EndGlobalSection
EndGlobal
